// !$*UTF8*$!
{
	archiveVersion = 1;
	classes = {
	};
	objectVersion = 50;
	objects = {

/* Begin PBXBuildFile section */
		A338DC4320E52EA500ED5EF0 /* AppDelegate.swift in Sources */ = {isa = PBXBuildFile; fileRef = A338DC4220E52EA500ED5EF0 /* AppDelegate.swift */; };
		A338DC4520E52EA500ED5EF0 /* ViewController.swift in Sources */ = {isa = PBXBuildFile; fileRef = A338DC4420E52EA500ED5EF0 /* ViewController.swift */; };
		A338DC4820E52EA500ED5EF0 /* Main.storyboard in Resources */ = {isa = PBXBuildFile; fileRef = A338DC4620E52EA500ED5EF0 /* Main.storyboard */; };
		A338DC4A20E52EB000ED5EF0 /* Assets.xcassets in Resources */ = {isa = PBXBuildFile; fileRef = A338DC4920E52EB000ED5EF0 /* Assets.xcassets */; };
		A338DC4D20E52EB000ED5EF0 /* LaunchScreen.storyboard in Resources */ = {isa = PBXBuildFile; fileRef = A338DC4B20E52EB000ED5EF0 /* LaunchScreen.storyboard */; };
		A338DC5820E52EB100ED5EF0 /* testMetalTests.swift in Sources */ = {isa = PBXBuildFile; fileRef = A338DC5720E52EB100ED5EF0 /* testMetalTests.swift */; };
		A338DC6320E52EB100ED5EF0 /* testMetalUITests.swift in Sources */ = {isa = PBXBuildFile; fileRef = A338DC6220E52EB100ED5EF0 /* testMetalUITests.swift */; };
/* End PBXBuildFile section */

/* Begin PBXContainerItemProxy section */
		A338DC5420E52EB100ED5EF0 /* PBXContainerItemProxy */ = {
			isa = PBXContainerItemProxy;
			containerPortal = A338DC3720E52EA500ED5EF0 /* Project object */;
			proxyType = 1;
			remoteGlobalIDString = A338DC3E20E52EA500ED5EF0;
			remoteInfo = testMetal;
		};
		A338DC5F20E52EB100ED5EF0 /* PBXContainerItemProxy */ = {
			isa = PBXContainerItemProxy;
			containerPortal = A338DC3720E52EA500ED5EF0 /* Project object */;
			proxyType = 1;
			remoteGlobalIDString = A338DC3E20E52EA500ED5EF0;
			remoteInfo = testMetal;
		};
/* End PBXContainerItemProxy section */

/* Begin PBXFileReference section */
		A338DC3F20E52EA500ED5EF0 /* testMetal.app */ = {isa = PBXFileReference; explicitFileType = wrapper.application; includeInIndex = 0; path = testMetal.app; sourceTree = BUILT_PRODUCTS_DIR; };
		A338DC4220E52EA500ED5EF0 /* AppDelegate.swift */ = {isa = PBXFileReference; lastKnownFileType = sourcecode.swift; path = AppDelegate.swift; sourceTree = "<group>"; };
		A338DC4420E52EA500ED5EF0 /* ViewController.swift */ = {isa = PBXFileReference; lastKnownFileType = sourcecode.swift; path = ViewController.swift; sourceTree = "<group>"; };
		A338DC4720E52EA500ED5EF0 /* Base */ = {isa = PBXFileReference; lastKnownFileType = file.storyboard; name = Base; path = Base.lproj/Main.storyboard; sourceTree = "<group>"; };
		A338DC4920E52EB000ED5EF0 /* Assets.xcassets */ = {isa = PBXFileReference; lastKnownFileType = folder.assetcatalog; path = Assets.xcassets; sourceTree = "<group>"; };
		A338DC4C20E52EB000ED5EF0 /* Base */ = {isa = PBXFileReference; lastKnownFileType = file.storyboard; name = Base; path = Base.lproj/LaunchScreen.storyboard; sourceTree = "<group>"; };
		A338DC4E20E52EB000ED5EF0 /* Info.plist */ = {isa = PBXFileReference; lastKnownFileType = text.plist.xml; path = Info.plist; sourceTree = "<group>"; };
		A338DC5320E52EB100ED5EF0 /* testMetalTests.xctest */ = {isa = PBXFileReference; explicitFileType = wrapper.cfbundle; includeInIndex = 0; path = testMetalTests.xctest; sourceTree = BUILT_PRODUCTS_DIR; };
		A338DC5720E52EB100ED5EF0 /* testMetalTests.swift */ = {isa = PBXFileReference; lastKnownFileType = sourcecode.swift; path = testMetalTests.swift; sourceTree = "<group>"; };
		A338DC5920E52EB100ED5EF0 /* Info.plist */ = {isa = PBXFileReference; lastKnownFileType = text.plist.xml; path = Info.plist; sourceTree = "<group>"; };
		A338DC5E20E52EB100ED5EF0 /* testMetalUITests.xctest */ = {isa = PBXFileReference; explicitFileType = wrapper.cfbundle; includeInIndex = 0; path = testMetalUITests.xctest; sourceTree = BUILT_PRODUCTS_DIR; };
		A338DC6220E52EB100ED5EF0 /* testMetalUITests.swift */ = {isa = PBXFileReference; lastKnownFileType = sourcecode.swift; path = testMetalUITests.swift; sourceTree = "<group>"; };
		A338DC6420E52EB100ED5EF0 /* Info.plist */ = {isa = PBXFileReference; lastKnownFileType = text.plist.xml; path = Info.plist; sourceTree = "<group>"; };
/* End PBXFileReference section */

/* Begin PBXFrameworksBuildPhase section */
		A338DC3C20E52EA500ED5EF0 /* Frameworks */ = {
			isa = PBXFrameworksBuildPhase;
			buildActionMask = 2147483647;
			files = (
			);
			runOnlyForDeploymentPostprocessing = 0;
		};
		A338DC5020E52EB100ED5EF0 /* Frameworks */ = {
			isa = PBXFrameworksBuildPhase;
			buildActionMask = 2147483647;
			files = (
			);
			runOnlyForDeploymentPostprocessing = 0;
		};
		A338DC5B20E52EB100ED5EF0 /* Frameworks */ = {
			isa = PBXFrameworksBuildPhase;
			buildActionMask = 2147483647;
			files = (
			);
			runOnlyForDeploymentPostprocessing = 0;
		};
/* End PBXFrameworksBuildPhase section */

/* Begin PBXGroup section */
		A338DC3620E52EA500ED5EF0 = {
			isa = PBXGroup;
			children = (
				A338DC4120E52EA500ED5EF0 /* testMetal */,
				A338DC5620E52EB100ED5EF0 /* testMetalTests */,
				A338DC6120E52EB100ED5EF0 /* testMetalUITests */,
				A338DC4020E52EA500ED5EF0 /* Products */,
			);
			sourceTree = "<group>";
		};
		A338DC4020E52EA500ED5EF0 /* Products */ = {
			isa = PBXGroup;
			children = (
				A338DC3F20E52EA500ED5EF0 /* testMetal.app */,
				A338DC5320E52EB100ED5EF0 /* testMetalTests.xctest */,
				A338DC5E20E52EB100ED5EF0 /* testMetalUITests.xctest */,
			);
			name = Products;
			sourceTree = "<group>";
		};
		A338DC4120E52EA500ED5EF0 /* testMetal */ = {
			isa = PBXGroup;
			children = (
				A338DC4220E52EA500ED5EF0 /* AppDelegate.swift */,
				A338DC4420E52EA500ED5EF0 /* ViewController.swift */,
				A338DC4620E52EA500ED5EF0 /* Main.storyboard */,
				A338DC4920E52EB000ED5EF0 /* Assets.xcassets */,
				A338DC4B20E52EB000ED5EF0 /* LaunchScreen.storyboard */,
				A338DC4E20E52EB000ED5EF0 /* Info.plist */,
			);
			path = testMetal;
			sourceTree = "<group>";
		};
		A338DC5620E52EB100ED5EF0 /* testMetalTests */ = {
			isa = PBXGroup;
			children = (
				A338DC5720E52EB100ED5EF0 /* testMetalTests.swift */,
				A338DC5920E52EB100ED5EF0 /* Info.plist */,
			);
			path = testMetalTests;
			sourceTree = "<group>";
		};
		A338DC6120E52EB100ED5EF0 /* testMetalUITests */ = {
			isa = PBXGroup;
			children = (
				A338DC6220E52EB100ED5EF0 /* testMetalUITests.swift */,
				A338DC6420E52EB100ED5EF0 /* Info.plist */,
			);
			path = testMetalUITests;
			sourceTree = "<group>";
		};
/* End PBXGroup section */

/* Begin PBXNativeTarget section */
		A338DC3E20E52EA500ED5EF0 /* testMetal */ = {
			isa = PBXNativeTarget;
			buildConfigurationList = A338DC6720E52EB200ED5EF0 /* Build configuration list for PBXNativeTarget "testMetal" */;
			buildPhases = (
				A338DC3B20E52EA500ED5EF0 /* Sources */,
				A338DC3C20E52EA500ED5EF0 /* Frameworks */,
				A338DC3D20E52EA500ED5EF0 /* Resources */,
			);
			buildRules = (
			);
			dependencies = (
			);
			name = testMetal;
			productName = testMetal;
			productReference = A338DC3F20E52EA500ED5EF0 /* testMetal.app */;
			productType = "com.apple.product-type.application";
		};
		A338DC5220E52EB100ED5EF0 /* testMetalTests */ = {
			isa = PBXNativeTarget;
			buildConfigurationList = A338DC6A20E52EB200ED5EF0 /* Build configuration list for PBXNativeTarget "testMetalTests" */;
			buildPhases = (
				A338DC4F20E52EB100ED5EF0 /* Sources */,
				A338DC5020E52EB100ED5EF0 /* Frameworks */,
				A338DC5120E52EB100ED5EF0 /* Resources */,
			);
			buildRules = (
			);
			dependencies = (
				A338DC5520E52EB100ED5EF0 /* PBXTargetDependency */,
			);
			name = testMetalTests;
			productName = testMetalTests;
			productReference = A338DC5320E52EB100ED5EF0 /* testMetalTests.xctest */;
			productType = "com.apple.product-type.bundle.unit-test";
		};
		A338DC5D20E52EB100ED5EF0 /* testMetalUITests */ = {
			isa = PBXNativeTarget;
			buildConfigurationList = A338DC6D20E52EB200ED5EF0 /* Build configuration list for PBXNativeTarget "testMetalUITests" */;
			buildPhases = (
				A338DC5A20E52EB100ED5EF0 /* Sources */,
				A338DC5B20E52EB100ED5EF0 /* Frameworks */,
				A338DC5C20E52EB100ED5EF0 /* Resources */,
			);
			buildRules = (
			);
			dependencies = (
				A338DC6020E52EB100ED5EF0 /* PBXTargetDependency */,
			);
			name = testMetalUITests;
			productName = testMetalUITests;
			productReference = A338DC5E20E52EB100ED5EF0 /* testMetalUITests.xctest */;
			productType = "com.apple.product-type.bundle.ui-testing";
		};
/* End PBXNativeTarget section */

/* Begin PBXProject section */
		A338DC3720E52EA500ED5EF0 /* Project object */ = {
			isa = PBXProject;
			attributes = {
				LastSwiftUpdateCheck = 1000;
				LastUpgradeCheck = 1000;
				ORGANIZATIONNAME = "有本淳吾";
				TargetAttributes = {
					A338DC3E20E52EA500ED5EF0 = {
						CreatedOnToolsVersion = 10.0;
					};
					A338DC5220E52EB100ED5EF0 = {
						CreatedOnToolsVersion = 10.0;
						TestTargetID = A338DC3E20E52EA500ED5EF0;
					};
					A338DC5D20E52EB100ED5EF0 = {
						CreatedOnToolsVersion = 10.0;
						TestTargetID = A338DC3E20E52EA500ED5EF0;
					};
				};
			};
			buildConfigurationList = A338DC3A20E52EA500ED5EF0 /* Build configuration list for PBXProject "testMetal" */;
			compatibilityVersion = "Xcode 9.3";
			developmentRegion = en;
			hasScannedForEncodings = 0;
			knownRegions = (
				en,
				Base,
			);
			mainGroup = A338DC3620E52EA500ED5EF0;
			productRefGroup = A338DC4020E52EA500ED5EF0 /* Products */;
			projectDirPath = "";
			projectRoot = "";
			targets = (
				A338DC3E20E52EA500ED5EF0 /* testMetal */,
				A338DC5220E52EB100ED5EF0 /* testMetalTests */,
				A338DC5D20E52EB100ED5EF0 /* testMetalUITests */,
			);
		};
/* End PBXProject section */

/* Begin PBXResourcesBuildPhase section */
		A338DC3D20E52EA500ED5EF0 /* Resources */ = {
			isa = PBXResourcesBuildPhase;
			buildActionMask = 2147483647;
			files = (
				A338DC4D20E52EB000ED5EF0 /* LaunchScreen.storyboard in Resources */,
				A338DC4A20E52EB000ED5EF0 /* Assets.xcassets in Resources */,
				A338DC4820E52EA500ED5EF0 /* Main.storyboard in Resources */,
			);
			runOnlyForDeploymentPostprocessing = 0;
		};
		A338DC5120E52EB100ED5EF0 /* Resources */ = {
			isa = PBXResourcesBuildPhase;
			buildActionMask = 2147483647;
			files = (
			);
			runOnlyForDeploymentPostprocessing = 0;
		};
		A338DC5C20E52EB100ED5EF0 /* Resources */ = {
			isa = PBXResourcesBuildPhase;
			buildActionMask = 2147483647;
			files = (
			);
			runOnlyForDeploymentPostprocessing = 0;
		};
/* End PBXResourcesBuildPhase section */

/* Begin PBXSourcesBuildPhase section */
		A338DC3B20E52EA500ED5EF0 /* Sources */ = {
			isa = PBXSourcesBuildPhase;
			buildActionMask = 2147483647;
			files = (
				A338DC4520E52EA500ED5EF0 /* ViewController.swift in Sources */,
				A338DC4320E52EA500ED5EF0 /* AppDelegate.swift in Sources */,
			);
			runOnlyForDeploymentPostprocessing = 0;
		};
		A338DC4F20E52EB100ED5EF0 /* Sources */ = {
			isa = PBXSourcesBuildPhase;
			buildActionMask = 2147483647;
			files = (
				A338DC5820E52EB100ED5EF0 /* testMetalTests.swift in Sources */,
			);
			runOnlyForDeploymentPostprocessing = 0;
		};
		A338DC5A20E52EB100ED5EF0 /* Sources */ = {
			isa = PBXSourcesBuildPhase;
			buildActionMask = 2147483647;
			files = (
				A338DC6320E52EB100ED5EF0 /* testMetalUITests.swift in Sources */,
			);
			runOnlyForDeploymentPostprocessing = 0;
		};
/* End PBXSourcesBuildPhase section */

/* Begin PBXTargetDependency section */
		A338DC5520E52EB100ED5EF0 /* PBXTargetDependency */ = {
			isa = PBXTargetDependency;
			target = A338DC3E20E52EA500ED5EF0 /* testMetal */;
			targetProxy = A338DC5420E52EB100ED5EF0 /* PBXContainerItemProxy */;
		};
		A338DC6020E52EB100ED5EF0 /* PBXTargetDependency */ = {
			isa = PBXTargetDependency;
			target = A338DC3E20E52EA500ED5EF0 /* testMetal */;
			targetProxy = A338DC5F20E52EB100ED5EF0 /* PBXContainerItemProxy */;
		};
/* End PBXTargetDependency section */

/* Begin PBXVariantGroup section */
		A338DC4620E52EA500ED5EF0 /* Main.storyboard */ = {
			isa = PBXVariantGroup;
			children = (
				A338DC4720E52EA500ED5EF0 /* Base */,
			);
			name = Main.storyboard;
			sourceTree = "<group>";
		};
		A338DC4B20E52EB000ED5EF0 /* LaunchScreen.storyboard */ = {
			isa = PBXVariantGroup;
			children = (
				A338DC4C20E52EB000ED5EF0 /* Base */,
			);
			name = LaunchScreen.storyboard;
			sourceTree = "<group>";
		};
/* End PBXVariantGroup section */

/* Begin XCBuildConfiguration section */
		A338DC6520E52EB100ED5EF0 /* Debug */ = {
			isa = XCBuildConfiguration;
			buildSettings = {
				ALWAYS_SEARCH_USER_PATHS = NO;
				CLANG_ANALYZER_NONNULL = YES;
				CLANG_ANALYZER_NUMBER_OBJECT_CONVERSION = YES_AGGRESSIVE;
				CLANG_CXX_LANGUAGE_STANDARD = "gnu++14";
				CLANG_CXX_LIBRARY = "libc++";
				CLANG_ENABLE_MODULES = YES;
				CLANG_ENABLE_OBJC_ARC = YES;
				CLANG_ENABLE_OBJC_WEAK = YES;
				CLANG_WARN_BLOCK_CAPTURE_AUTORELEASING = YES;
				CLANG_WARN_BOOL_CONVERSION = YES;
				CLANG_WARN_COMMA = YES;
				CLANG_WARN_CONSTANT_CONVERSION = YES;
				CLANG_WARN_DEPRECATED_OBJC_IMPLEMENTATIONS = YES;
				CLANG_WARN_DIRECT_OBJC_ISA_USAGE = YES_ERROR;
				CLANG_WARN_DOCUMENTATION_COMMENTS = YES;
				CLANG_WARN_EMPTY_BODY = YES;
				CLANG_WARN_ENUM_CONVERSION = YES;
				CLANG_WARN_INFINITE_RECURSION = YES;
				CLANG_WARN_INT_CONVERSION = YES;
				CLANG_WARN_NON_LITERAL_NULL_CONVERSION = YES;
				CLANG_WARN_OBJC_IMPLICIT_RETAIN_SELF = YES;
				CLANG_WARN_OBJC_LITERAL_CONVERSION = YES;
				CLANG_WARN_OBJC_ROOT_CLASS = YES_ERROR;
				CLANG_WARN_RANGE_LOOP_ANALYSIS = YES;
				CLANG_WARN_STRICT_PROTOTYPES = YES;
				CLANG_WARN_SUSPICIOUS_MOVE = YES;
				CLANG_WARN_UNGUARDED_AVAILABILITY = YES_AGGRESSIVE;
				CLANG_WARN_UNREACHABLE_CODE = YES;
				CLANG_WARN__DUPLICATE_METHOD_MATCH = YES;
				CODE_SIGN_IDENTITY = "iPhone Developer";
				COPY_PHASE_STRIP = NO;
				DEBUG_INFORMATION_FORMAT = dwarf;
				ENABLE_STRICT_OBJC_MSGSEND = YES;
				ENABLE_TESTABILITY = YES;
				GCC_C_LANGUAGE_STANDARD = gnu11;
				GCC_DYNAMIC_NO_PIC = NO;
				GCC_NO_COMMON_BLOCKS = YES;
				GCC_OPTIMIZATION_LEVEL = 0;
				GCC_PREPROCESSOR_DEFINITIONS = (
					"DEBUG=1",
					"$(inherited)",
				);
				GCC_WARN_64_TO_32_BIT_CONVERSION = YES;
				GCC_WARN_ABOUT_RETURN_TYPE = YES_ERROR;
				GCC_WARN_UNDECLARED_SELECTOR = YES;
				GCC_WARN_UNINITIALIZED_AUTOS = YES_AGGRESSIVE;
				GCC_WARN_UNUSED_FUNCTION = YES;
				GCC_WARN_UNUSED_VARIABLE = YES;
				IPHONEOS_DEPLOYMENT_TARGET = 12.0;
				MTL_ENABLE_DEBUG_INFO = INCLUDE_SOURCE;
				ONLY_ACTIVE_ARCH = YES;
				SDKROOT = iphoneos;
				SWIFT_ACTIVE_COMPILATION_CONDITIONS = DEBUG;
				SWIFT_OPTIMIZATION_LEVEL = "-Onone";
			};
			name = Debug;
		};
		A338DC6620E52EB100ED5EF0 /* Release */ = {
			isa = XCBuildConfiguration;
			buildSettings = {
				ALWAYS_SEARCH_USER_PATHS = NO;
				CLANG_ANALYZER_NONNULL = YES;
				CLANG_ANALYZER_NUMBER_OBJECT_CONVERSION = YES_AGGRESSIVE;
				CLANG_CXX_LANGUAGE_STANDARD = "gnu++14";
				CLANG_CXX_LIBRARY = "libc++";
				CLANG_ENABLE_MODULES = YES;
				CLANG_ENABLE_OBJC_ARC = YES;
				CLANG_ENABLE_OBJC_WEAK = YES;
				CLANG_WARN_BLOCK_CAPTURE_AUTORELEASING = YES;
				CLANG_WARN_BOOL_CONVERSION = YES;
				CLANG_WARN_COMMA = YES;
				CLANG_WARN_CONSTANT_CONVERSION = YES;
				CLANG_WARN_DEPRECATED_OBJC_IMPLEMENTATIONS = YES;
				CLANG_WARN_DIRECT_OBJC_ISA_USAGE = YES_ERROR;
				CLANG_WARN_DOCUMENTATION_COMMENTS = YES;
				CLANG_WARN_EMPTY_BODY = YES;
				CLANG_WARN_ENUM_CONVERSION = YES;
				CLANG_WARN_INFINITE_RECURSION = YES;
				CLANG_WARN_INT_CONVERSION = YES;
				CLANG_WARN_NON_LITERAL_NULL_CONVERSION = YES;
				CLANG_WARN_OBJC_IMPLICIT_RETAIN_SELF = YES;
				CLANG_WARN_OBJC_LITERAL_CONVERSION = YES;
				CLANG_WARN_OBJC_ROOT_CLASS = YES_ERROR;
				CLANG_WARN_RANGE_LOOP_ANALYSIS = YES;
				CLANG_WARN_STRICT_PROTOTYPES = YES;
				CLANG_WARN_SUSPICIOUS_MOVE = YES;
				CLANG_WARN_UNGUARDED_AVAILABILITY = YES_AGGRESSIVE;
				CLANG_WARN_UNREACHABLE_CODE = YES;
				CLANG_WARN__DUPLICATE_METHOD_MATCH = YES;
				CODE_SIGN_IDENTITY = "iPhone Developer";
				COPY_PHASE_STRIP = NO;
				DEBUG_INFORMATION_FORMAT = "dwarf-with-dsym";
				ENABLE_NS_ASSERTIONS = NO;
				ENABLE_STRICT_OBJC_MSGSEND = YES;
				GCC_C_LANGUAGE_STANDARD = gnu11;
				GCC_NO_COMMON_BLOCKS = YES;
				GCC_WARN_64_TO_32_BIT_CONVERSION = YES;
				GCC_WARN_ABOUT_RETURN_TYPE = YES_ERROR;
				GCC_WARN_UNDECLARED_SELECTOR = YES;
				GCC_WARN_UNINITIALIZED_AUTOS = YES_AGGRESSIVE;
				GCC_WARN_UNUSED_FUNCTION = YES;
				GCC_WARN_UNUSED_VARIABLE = YES;
				IPHONEOS_DEPLOYMENT_TARGET = 12.0;
				MTL_ENABLE_DEBUG_INFO = NO;
				SDKROOT = iphoneos;
				SWIFT_COMPILATION_MODE = wholemodule;
				SWIFT_OPTIMIZATION_LEVEL = "-O";
				VALIDATE_PRODUCT = YES;
			};
			name = Release;
		};
		A338DC6820E52EB200ED5EF0 /* Debug */ = {
			isa = XCBuildConfiguration;
			buildSettings = {
				ASSETCATALOG_COMPILER_APPICON_NAME = AppIcon;
				CODE_SIGN_STYLE = Automatic;
				DEVELOPMENT_TEAM = 424TZ7WCP4;
				INFOPLIST_FILE = testMetal/Info.plist;
				LD_RUNPATH_SEARCH_PATHS = (
					"$(inherited)",
					"@executable_path/Frameworks",
				);
				PRODUCT_BUNDLE_IDENTIFIER = com.collindo.testMetal;
				PRODUCT_NAME = "$(TARGET_NAME)";
				SWIFT_VERSION = 4.2;
				TARGETED_DEVICE_FAMILY = "1,2";
			};
			name = Debug;
		};
		A338DC6920E52EB200ED5EF0 /* Release */ = {
			isa = XCBuildConfiguration;
			buildSettings = {
				ASSETCATALOG_COMPILER_APPICON_NAME = AppIcon;
				CODE_SIGN_STYLE = Automatic;
				DEVELOPMENT_TEAM = 424TZ7WCP4;
				INFOPLIST_FILE = testMetal/Info.plist;
				LD_RUNPATH_SEARCH_PATHS = (
					"$(inherited)",
					"@executable_path/Frameworks",
				);
				PRODUCT_BUNDLE_IDENTIFIER = com.collindo.testMetal;
				PRODUCT_NAME = "$(TARGET_NAME)";
				SWIFT_VERSION = 4.2;
				TARGETED_DEVICE_FAMILY = "1,2";
			};
			name = Release;
		};
		A338DC6B20E52EB200ED5EF0 /* Debug */ = {
			isa = XCBuildConfiguration;
			buildSettings = {
				ALWAYS_EMBED_SWIFT_STANDARD_LIBRARIES = YES;
				BUNDLE_LOADER = "$(TEST_HOST)";
				CODE_SIGN_STYLE = Automatic;
				DEVELOPMENT_TEAM = 424TZ7WCP4;
				INFOPLIST_FILE = testMetalTests/Info.plist;
				LD_RUNPATH_SEARCH_PATHS = (
					"$(inherited)",
					"@executable_path/Frameworks",
					"@loader_path/Frameworks",
				);
				PRODUCT_BUNDLE_IDENTIFIER = com.collindo.testMetalTests;
				PRODUCT_NAME = "$(TARGET_NAME)";
				SWIFT_VERSION = 4.2;
				TARGETED_DEVICE_FAMILY = "1,2";
				TEST_HOST = "$(BUILT_PRODUCTS_DIR)/testMetal.app/testMetal";
			};
			name = Debug;
		};
		A338DC6C20E52EB200ED5EF0 /* Release */ = {
			isa = XCBuildConfiguration;
			buildSettings = {
				ALWAYS_EMBED_SWIFT_STANDARD_LIBRARIES = YES;
				BUNDLE_LOADER = "$(TEST_HOST)";
				CODE_SIGN_STYLE = Automatic;
				DEVELOPMENT_TEAM = 424TZ7WCP4;
				INFOPLIST_FILE = testMetalTests/Info.plist;
				LD_RUNPATH_SEARCH_PATHS = (
					"$(inherited)",
					"@executable_path/Frameworks",
					"@loader_path/Frameworks",
				);
				PRODUCT_BUNDLE_IDENTIFIER = com.collindo.testMetalTests;
				PRODUCT_NAME = "$(TARGET_NAME)";
				SWIFT_VERSION = 4.2;
				TARGETED_DEVICE_FAMILY = "1,2";
				TEST_HOST = "$(BUILT_PRODUCTS_DIR)/testMetal.app/testMetal";
			};
			name = Release;
		};
		A338DC6E20E52EB200ED5EF0 /* Debug */ = {
			isa = XCBuildConfiguration;
			buildSettings = {
				ALWAYS_EMBED_SWIFT_STANDARD_LIBRARIES = YES;
				CODE_SIGN_STYLE = Automatic;
				DEVELOPMENT_TEAM = 424TZ7WCP4;
				INFOPLIST_FILE = testMetalUITests/Info.plist;
				LD_RUNPATH_SEARCH_PATHS = (
					"$(inherited)",
					"@executable_path/Frameworks",
					"@loader_path/Frameworks",
				);
				PRODUCT_BUNDLE_IDENTIFIER = com.collindo.testMetalUITests;
				PRODUCT_NAME = "$(TARGET_NAME)";
				SWIFT_VERSION = 4.2;
				TARGETED_DEVICE_FAMILY = "1,2";
				TEST_TARGET_NAME = testMetal;
			};
			name = Debug;
		};
		A338DC6F20E52EB200ED5EF0 /* Release */ = {
			isa = XCBuildConfiguration;
			buildSettings = {
				ALWAYS_EMBED_SWIFT_STANDARD_LIBRARIES = YES;
				CODE_SIGN_STYLE = Automatic;
				DEVELOPMENT_TEAM = 424TZ7WCP4;
				INFOPLIST_FILE = testMetalUITests/Info.plist;
				LD_RUNPATH_SEARCH_PATHS = (
					"$(inherited)",
					"@executable_path/Frameworks",
					"@loader_path/Frameworks",
				);
				PRODUCT_BUNDLE_IDENTIFIER = com.collindo.testMetalUITests;
				PRODUCT_NAME = "$(TARGET_NAME)";
				SWIFT_VERSION = 4.2;
				TARGETED_DEVICE_FAMILY = "1,2";
				TEST_TARGET_NAME = testMetal;
			};
			name = Release;
		};
/* End XCBuildConfiguration section */

/* Begin XCConfigurationList section */
		A338DC3A20E52EA500ED5EF0 /* Build configuration list for PBXProject "testMetal" */ = {
			isa = XCConfigurationList;
			buildConfigurations = (
				A338DC6520E52EB100ED5EF0 /* Debug */,
				A338DC6620E52EB100ED5EF0 /* Release */,
			);
			defaultConfigurationIsVisible = 0;
			defaultConfigurationName = Release;
		};
		A338DC6720E52EB200ED5EF0 /* Build configuration list for PBXNativeTarget "testMetal" */ = {
			isa = XCConfigurationList;
			buildConfigurations = (
				A338DC6820E52EB200ED5EF0 /* Debug */,
				A338DC6920E52EB200ED5EF0 /* Release */,
			);
			defaultConfigurationIsVisible = 0;
			defaultConfigurationName = Release;
		};
		A338DC6A20E52EB200ED5EF0 /* Build configuration list for PBXNativeTarget "testMetalTests" */ = {
			isa = XCConfigurationList;
			buildConfigurations = (
				A338DC6B20E52EB200ED5EF0 /* Debug */,
				A338DC6C20E52EB200ED5EF0 /* Release */,
			);
			defaultConfigurationIsVisible = 0;
			defaultConfigurationName = Release;
		};
		A338DC6D20E52EB200ED5EF0 /* Build configuration list for PBXNativeTarget "testMetalUITests" */ = {
			isa = XCConfigurationList;
			buildConfigurations = (
				A338DC6E20E52EB200ED5EF0 /* Debug */,
				A338DC6F20E52EB200ED5EF0 /* Release */,
			);
			defaultConfigurationIsVisible = 0;
			defaultConfigurationName = Release;
		};
/* End XCConfigurationList section */
	};
	rootObject = A338DC3720E52EA500ED5EF0 /* Project object */;
}
